
Microsoft Visual Studio Solution File, Format Version 12.00
# Visual Studio Version 17
VisualStudioVersion = 17.4.32804.182
MinimumVisualStudioVersion = 10.0.40219.1
Project("{FAE04EC0-301F-11D3-BF4B-00C04F79EFBC}") = "IDCH.Core", "IDCH.Core\IDCH.Core.csproj", "{5D2CFD1F-E2F9-4E97-A6AF-7E107AE46907}"
EndProject
Project("{2150E333-8FDC-42A3-9474-1A3956D46DE8}") = "Tools", "Tools", "{7E8CF252-9681-4C7D-BA3F-8A2CE788AEC7}"
EndProject
Project("{2150E333-8FDC-42A3-9474-1A3956D46DE8}") = "Core", "Core", "{0641689C-A0F7-4462-9939-F4BAA3DC26E6}"
EndProject
Project("{FAE04EC0-301F-11D3-BF4B-00C04F79EFBC}") = "idch-cli", "idch-cli\idch-cli.csproj", "{6BE79113-F5C0-44BA-B3FE-7B979E907ACD}"
EndProject
Global
	GlobalSection(SolutionConfigurationPlatforms) = preSolution
		Debug|Any CPU = Debug|Any CPU
		Release|Any CPU = Release|Any CPU
	EndGlobalSection
	GlobalSection(ProjectConfigurationPlatforms) = postSolution
		{5D2CFD1F-E2F9-4E97-A6AF-7E107AE46907}.Debug|Any CPU.ActiveCfg = Debug|Any CPU
		{5D2CFD1F-E2F9-4E97-A6AF-7E107AE46907}.Debug|Any CPU.Build.0 = Debug|Any CPU
		{5D2CFD1F-E2F9-4E97-A6AF-7E107AE46907}.Release|Any CPU.ActiveCfg = Release|Any CPU
		{5D2CFD1F-E2F9-4E97-A6AF-7E107AE46907}.Release|Any CPU.Build.0 = Release|Any CPU
		{6BE79113-F5C0-44BA-B3FE-7B979E907ACD}.Debug|Any CPU.ActiveCfg = Debug|Any CPU
		{6BE79113-F5C0-44BA-B3FE-7B979E907ACD}.Debug|Any CPU.Build.0 = Debug|Any CPU
		{6BE79113-F5C0-44BA-B3FE-7B979E907ACD}.Release|Any CPU.ActiveCfg = Release|Any CPU
		{6BE79113-F5C0-44BA-B3FE-7B979E907ACD}.Release|Any CPU.Build.0 = Release|Any CPU
	EndGlobalSection
	GlobalSection(SolutionProperties) = preSolution
		HideSolutionNode = FALSE
	EndGlobalSection
	GlobalSection(NestedProjects) = preSolution
		{5D2CFD1F-E2F9-4E97-A6AF-7E107AE46907} = {0641689C-A0F7-4462-9939-F4BAA3DC26E6}
		{6BE79113-F5C0-44BA-B3FE-7B979E907ACD} = {7E8CF252-9681-4C7D-BA3F-8A2CE788AEC7}
	EndGlobalSection
	GlobalSection(ExtensibilityGlobals) = postSolution
		SolutionGuid = {935CD762-4585-4216-8F7F-D06143593F60}
	EndGlobalSection
EndGlobal
